
Microsoft Visual Studio Solution File, Format Version 12.00
# Visual Studio Version 16
VisualStudioVersion = 16.0.32929.386
MinimumVisualStudioVersion = 10.0.40219.1
Project("{FAE04EC0-301F-11D3-BF4B-00C04F79EFBC}") = "MyApp", "MyApp.csproj", "{B849FBC8-0862-4056-A9CE-9E647BF03F41}"
EndProject
Global
	GlobalSection(SolutionConfigurationPlatforms) = preSolution
		Debug|Any CPU = Debug|Any CPU
		Release|Any CPU = Release|Any CPU
	EndGlobalSection
	GlobalSection(ProjectConfigurationPlatforms) = postSolution
		{B849FBC8-0862-4056-A9CE-9E647BF03F41}.Debug|Any CPU.ActiveCfg = Debug|Any CPU
		{B849FBC8-0862-4056-A9CE-9E647BF03F41}.Debug|Any CPU.Build.0 = Debug|Any CPU
		{B849FBC8-0862-4056-A9CE-9E647BF03F41}.Release|Any CPU.ActiveCfg = Release|Any CPU
		{B849FBC8-0862-4056-A9CE-9E647BF03F41}.Release|Any CPU.Build.0 = Release|Any CPU
	EndGlobalSection
	GlobalSection(SolutionProperties) = preSolution
		HideSolutionNode = FALSE
	EndGlobalSection
	GlobalSection(ExtensibilityGlobals) = postSolution
		SolutionGuid = {601DAF9F-07DC-48E7-8AFF-47F6A7633FF2}
	EndGlobalSection
EndGlobal
